# THIS IS AN AUTOGENERATED FILE. DO NOT EDIT THIS FILE DIRECTLY.
# yarn lockfile v1


"@tarojs/taro@2.0.1":
  version "2.0.1"
  resolved "https://registry.yarnpkg.com/@tarojs/taro/-/taro-2.0.1.tgz#abde7b5951ad90812e9e67c396d65a37a3ca55f4"
  integrity sha512-++A9+g5pfb/gbVMKadXUKhPch3A/GmXuknOf52DEXwYyF7CLKVKXqmRnzqX3Hev/djpw2dCDBPM1Z7GG+Mmnww==
  dependencies:
    "@tarojs/utils" "2.0.1"

"@tarojs/utils@2.0.1":
  version "2.0.1"
  resolved "https://registry.yarnpkg.com/@tarojs/utils/-/utils-2.0.1.tgz#54dbee464a0bff91b79556b5bfbf12dede0f4064"
  integrity sha512-zB4WbSyP/k/7ncP2GpP43nrmsiXyCyS4BkWb+6iHjIR/uWvF4STj9mUOqUyOKZ9/H4f4tYUIs30WG9i/8VV0HQ==

prettier@1.19.1:
  version "1.19.1"
  resolved "https://registry.yarnpkg.com/prettier/-/prettier-1.19.1.tgz#f7d7f5ff8a9cd872a7be4ca142095956a60797cb"
  integrity sha512-s7PoyDv/II1ObgQunCbB9PdLmUcBZcnWOcxDh7O0N/UwDEsHyqkW+Qh28jW+mVuCdx7gLB0BotYI1Y6uI9iyew==
